
Microsoft Visual Studio Solution File, Format Version 12.00
Project("{FAE04EC0-301F-11D3-BF4B-00C04F79EFBC}") = "SkeletonLabRpg.Api", "SkeletonLabRpg.Api\SkeletonLabRpg.Api.csproj", "{023E5AE4-9E8A-480E-A79C-16FD55BFAE4A}"
EndProject
Project("{FAE04EC0-301F-11D3-BF4B-00C04F79EFBC}") = "SkeletonLabRpg.Common", "SkeletonLabRpg.Common\SkeletonLabRpg.Common.csproj", "{0031E64C-C609-4C6C-A6E1-2F2CDBC4E942}"
EndProject
Project("{FAE04EC0-301F-11D3-BF4B-00C04F79EFBC}") = "SkeletonLabRpg.AzureFunctions", "SkeletonLabRpg.AzureFunctions\SkeletonLabRpg.AzureFunctions.csproj", "{05B043F9-0A56-41EF-8AD2-6B8103C63FA8}"
EndProject
Global
	GlobalSection(SolutionConfigurationPlatforms) = preSolution
		Debug|Any CPU = Debug|Any CPU
		Release|Any CPU = Release|Any CPU
	EndGlobalSection
	GlobalSection(ProjectConfigurationPlatforms) = postSolution
		{023E5AE4-9E8A-480E-A79C-16FD55BFAE4A}.Debug|Any CPU.ActiveCfg = Debug|Any CPU
		{023E5AE4-9E8A-480E-A79C-16FD55BFAE4A}.Debug|Any CPU.Build.0 = Debug|Any CPU
		{023E5AE4-9E8A-480E-A79C-16FD55BFAE4A}.Release|Any CPU.ActiveCfg = Release|Any CPU
		{023E5AE4-9E8A-480E-A79C-16FD55BFAE4A}.Release|Any CPU.Build.0 = Release|Any CPU
		{0031E64C-C609-4C6C-A6E1-2F2CDBC4E942}.Debug|Any CPU.ActiveCfg = Debug|Any CPU
		{0031E64C-C609-4C6C-A6E1-2F2CDBC4E942}.Debug|Any CPU.Build.0 = Debug|Any CPU
		{0031E64C-C609-4C6C-A6E1-2F2CDBC4E942}.Release|Any CPU.ActiveCfg = Release|Any CPU
		{0031E64C-C609-4C6C-A6E1-2F2CDBC4E942}.Release|Any CPU.Build.0 = Release|Any CPU
		{05B043F9-0A56-41EF-8AD2-6B8103C63FA8}.Debug|Any CPU.ActiveCfg = Debug|Any CPU
		{05B043F9-0A56-41EF-8AD2-6B8103C63FA8}.Debug|Any CPU.Build.0 = Debug|Any CPU
		{05B043F9-0A56-41EF-8AD2-6B8103C63FA8}.Release|Any CPU.ActiveCfg = Release|Any CPU
		{05B043F9-0A56-41EF-8AD2-6B8103C63FA8}.Release|Any CPU.Build.0 = Release|Any CPU
	EndGlobalSection
EndGlobal
